
Microsoft Visual Studio Solution File, Format Version 12.00
# Visual Studio 14
VisualStudioVersion = 14.0.23107.0
MinimumVisualStudioVersion = 10.0.40219.1
Project("{FAE04EC0-301F-11D3-BF4B-00C04F79EFBC}") = "Tenttiharjoituksia", "Tenttiharjoituksia\Tenttiharjoituksia.csproj", "{98470074-49B5-4751-83FE-059134859E0F}"
EndProject
Project("{FAE04EC0-301F-11D3-BF4B-00C04F79EFBC}") = "PortableRadio", "PortableRadio\PortableRadio.csproj", "{F018B977-969E-4A7F-928B-CDA8CFFA4F97}"
EndProject
Project("{FAE04EC0-301F-11D3-BF4B-00C04F79EFBC}") = "CarTires", "CarTires\CarTires.csproj", "{43C90AB9-8D2F-402B-AF3A-9C379DD8F2E9}"
EndProject
Project("{FAE04EC0-301F-11D3-BF4B-00C04F79EFBC}") = "Fishing", "Fishing\Fishing.csproj", "{6E188B97-81C4-4D5F-841C-5B97FDEF6928}"
EndProject
Project("{FAE04EC0-301F-11D3-BF4B-00C04F79EFBC}") = "Abstract shit", "Abstract shit\Abstract shit.csproj", "{3A46AC17-E06F-4539-9773-30478521CC13}"
EndProject
Project("{FAE04EC0-301F-11D3-BF4B-00C04F79EFBC}") = "File stuff", "File stuff\File stuff.csproj", "{FC140439-6A08-4FBD-9E87-7F3568E2B698}"
EndProject
Project("{FAE04EC0-301F-11D3-BF4B-00C04F79EFBC}") = "Testing", "Testing\Testing.csproj", "{A0611DE6-026F-4C27-9BBC-D186AF4D7CCB}"
EndProject
Project("{FAE04EC0-301F-11D3-BF4B-00C04F79EFBC}") = "TestingTests", "TestingTests\TestingTests.csproj", "{AE3B5D5E-F1FE-44F1-AFEC-9916B240D0F7}"
EndProject
Project("{FAE04EC0-301F-11D3-BF4B-00C04F79EFBC}") = "Shopping", "Shopping\Shopping.csproj", "{4F1DD903-A67A-4BD4-BD36-4B968464E831}"
EndProject
Global
	GlobalSection(SolutionConfigurationPlatforms) = preSolution
		Debug|Any CPU = Debug|Any CPU
		Debug|ARM = Debug|ARM
		Debug|x64 = Debug|x64
		Debug|x86 = Debug|x86
		Release|Any CPU = Release|Any CPU
		Release|ARM = Release|ARM
		Release|x64 = Release|x64
		Release|x86 = Release|x86
	EndGlobalSection
	GlobalSection(ProjectConfigurationPlatforms) = postSolution
		{98470074-49B5-4751-83FE-059134859E0F}.Debug|Any CPU.ActiveCfg = Debug|Any CPU
		{98470074-49B5-4751-83FE-059134859E0F}.Debug|Any CPU.Build.0 = Debug|Any CPU
		{98470074-49B5-4751-83FE-059134859E0F}.Debug|ARM.ActiveCfg = Debug|Any CPU
		{98470074-49B5-4751-83FE-059134859E0F}.Debug|ARM.Build.0 = Debug|Any CPU
		{98470074-49B5-4751-83FE-059134859E0F}.Debug|x64.ActiveCfg = Debug|Any CPU
		{98470074-49B5-4751-83FE-059134859E0F}.Debug|x64.Build.0 = Debug|Any CPU
		{98470074-49B5-4751-83FE-059134859E0F}.Debug|x86.ActiveCfg = Debug|Any CPU
		{98470074-49B5-4751-83FE-059134859E0F}.Debug|x86.Build.0 = Debug|Any CPU
		{98470074-49B5-4751-83FE-059134859E0F}.Release|Any CPU.ActiveCfg = Release|Any CPU
		{98470074-49B5-4751-83FE-059134859E0F}.Release|Any CPU.Build.0 = Release|Any CPU
		{98470074-49B5-4751-83FE-059134859E0F}.Release|ARM.ActiveCfg = Release|Any CPU
		{98470074-49B5-4751-83FE-059134859E0F}.Release|ARM.Build.0 = Release|Any CPU
		{98470074-49B5-4751-83FE-059134859E0F}.Release|x64.ActiveCfg = Release|Any CPU
		{98470074-49B5-4751-83FE-059134859E0F}.Release|x64.Build.0 = Release|Any CPU
		{98470074-49B5-4751-83FE-059134859E0F}.Release|x86.ActiveCfg = Release|Any CPU
		{98470074-49B5-4751-83FE-059134859E0F}.Release|x86.Build.0 = Release|Any CPU
		{F018B977-969E-4A7F-928B-CDA8CFFA4F97}.Debug|Any CPU.ActiveCfg = Debug|Any CPU
		{F018B977-969E-4A7F-928B-CDA8CFFA4F97}.Debug|Any CPU.Build.0 = Debug|Any CPU
		{F018B977-969E-4A7F-928B-CDA8CFFA4F97}.Debug|ARM.ActiveCfg = Debug|Any CPU
		{F018B977-969E-4A7F-928B-CDA8CFFA4F97}.Debug|ARM.Build.0 = Debug|Any CPU
		{F018B977-969E-4A7F-928B-CDA8CFFA4F97}.Debug|x64.ActiveCfg = Debug|Any CPU
		{F018B977-969E-4A7F-928B-CDA8CFFA4F97}.Debug|x64.Build.0 = Debug|Any CPU
		{F018B977-969E-4A7F-928B-CDA8CFFA4F97}.Debug|x86.ActiveCfg = Debug|Any CPU
		{F018B977-969E-4A7F-928B-CDA8CFFA4F97}.Debug|x86.Build.0 = Debug|Any CPU
		{F018B977-969E-4A7F-928B-CDA8CFFA4F97}.Release|Any CPU.ActiveCfg = Release|Any CPU
		{F018B977-969E-4A7F-928B-CDA8CFFA4F97}.Release|Any CPU.Build.0 = Release|Any CPU
		{F018B977-969E-4A7F-928B-CDA8CFFA4F97}.Release|ARM.ActiveCfg = Release|Any CPU
		{F018B977-969E-4A7F-928B-CDA8CFFA4F97}.Release|ARM.Build.0 = Release|Any CPU
		{F018B977-969E-4A7F-928B-CDA8CFFA4F97}.Release|x64.ActiveCfg = Release|Any CPU
		{F018B977-969E-4A7F-928B-CDA8CFFA4F97}.Release|x64.Build.0 = Release|Any CPU
		{F018B977-969E-4A7F-928B-CDA8CFFA4F97}.Release|x86.ActiveCfg = Release|Any CPU
		{F018B977-969E-4A7F-928B-CDA8CFFA4F97}.Release|x86.Build.0 = Release|Any CPU
		{43C90AB9-8D2F-402B-AF3A-9C379DD8F2E9}.Debug|Any CPU.ActiveCfg = Debug|Any CPU
		{43C90AB9-8D2F-402B-AF3A-9C379DD8F2E9}.Debug|Any CPU.Build.0 = Debug|Any CPU
		{43C90AB9-8D2F-402B-AF3A-9C379DD8F2E9}.Debug|ARM.ActiveCfg = Debug|Any CPU
		{43C90AB9-8D2F-402B-AF3A-9C379DD8F2E9}.Debug|ARM.Build.0 = Debug|Any CPU
		{43C90AB9-8D2F-402B-AF3A-9C379DD8F2E9}.Debug|x64.ActiveCfg = Debug|Any CPU
		{43C90AB9-8D2F-402B-AF3A-9C379DD8F2E9}.Debug|x64.Build.0 = Debug|Any CPU
		{43C90AB9-8D2F-402B-AF3A-9C379DD8F2E9}.Debug|x86.ActiveCfg = Debug|Any CPU
		{43C90AB9-8D2F-402B-AF3A-9C379DD8F2E9}.Debug|x86.Build.0 = Debug|Any CPU
		{43C90AB9-8D2F-402B-AF3A-9C379DD8F2E9}.Release|Any CPU.ActiveCfg = Release|Any CPU
		{43C90AB9-8D2F-402B-AF3A-9C379DD8F2E9}.Release|Any CPU.Build.0 = Release|Any CPU
		{43C90AB9-8D2F-402B-AF3A-9C379DD8F2E9}.Release|ARM.ActiveCfg = Release|Any CPU
		{43C90AB9-8D2F-402B-AF3A-9C379DD8F2E9}.Release|ARM.Build.0 = Release|Any CPU
		{43C90AB9-8D2F-402B-AF3A-9C379DD8F2E9}.Release|x64.ActiveCfg = Release|Any CPU
		{43C90AB9-8D2F-402B-AF3A-9C379DD8F2E9}.Release|x64.Build.0 = Release|Any CPU
		{43C90AB9-8D2F-402B-AF3A-9C379DD8F2E9}.Release|x86.ActiveCfg = Release|Any CPU
		{43C90AB9-8D2F-402B-AF3A-9C379DD8F2E9}.Release|x86.Build.0 = Release|Any CPU
		{6E188B97-81C4-4D5F-841C-5B97FDEF6928}.Debug|Any CPU.ActiveCfg = Debug|Any CPU
		{6E188B97-81C4-4D5F-841C-5B97FDEF6928}.Debug|Any CPU.Build.0 = Debug|Any CPU
		{6E188B97-81C4-4D5F-841C-5B97FDEF6928}.Debug|ARM.ActiveCfg = Debug|Any CPU
		{6E188B97-81C4-4D5F-841C-5B97FDEF6928}.Debug|ARM.Build.0 = Debug|Any CPU
		{6E188B97-81C4-4D5F-841C-5B97FDEF6928}.Debug|x64.ActiveCfg = Debug|Any CPU
		{6E188B97-81C4-4D5F-841C-5B97FDEF6928}.Debug|x64.Build.0 = Debug|Any CPU
		{6E188B97-81C4-4D5F-841C-5B97FDEF6928}.Debug|x86.ActiveCfg = Debug|Any CPU
		{6E188B97-81C4-4D5F-841C-5B97FDEF6928}.Debug|x86.Build.0 = Debug|Any CPU
		{6E188B97-81C4-4D5F-841C-5B97FDEF6928}.Release|Any CPU.ActiveCfg = Release|Any CPU
		{6E188B97-81C4-4D5F-841C-5B97FDEF6928}.Release|Any CPU.Build.0 = Release|Any CPU
		{6E188B97-81C4-4D5F-841C-5B97FDEF6928}.Release|ARM.ActiveCfg = Release|Any CPU
		{6E188B97-81C4-4D5F-841C-5B97FDEF6928}.Release|ARM.Build.0 = Release|Any CPU
		{6E188B97-81C4-4D5F-841C-5B97FDEF6928}.Release|x64.ActiveCfg = Release|Any CPU
		{6E188B97-81C4-4D5F-841C-5B97FDEF6928}.Release|x64.Build.0 = Release|Any CPU
		{6E188B97-81C4-4D5F-841C-5B97FDEF6928}.Release|x86.ActiveCfg = Release|Any CPU
		{6E188B97-81C4-4D5F-841C-5B97FDEF6928}.Release|x86.Build.0 = Release|Any CPU
		{3A46AC17-E06F-4539-9773-30478521CC13}.Debug|Any CPU.ActiveCfg = Debug|Any CPU
		{3A46AC17-E06F-4539-9773-30478521CC13}.Debug|Any CPU.Build.0 = Debug|Any CPU
		{3A46AC17-E06F-4539-9773-30478521CC13}.Debug|ARM.ActiveCfg = Debug|Any CPU
		{3A46AC17-E06F-4539-9773-30478521CC13}.Debug|ARM.Build.0 = Debug|Any CPU
		{3A46AC17-E06F-4539-9773-30478521CC13}.Debug|x64.ActiveCfg = Debug|Any CPU
		{3A46AC17-E06F-4539-9773-30478521CC13}.Debug|x64.Build.0 = Debug|Any CPU
		{3A46AC17-E06F-4539-9773-30478521CC13}.Debug|x86.ActiveCfg = Debug|Any CPU
		{3A46AC17-E06F-4539-9773-30478521CC13}.Debug|x86.Build.0 = Debug|Any CPU
		{3A46AC17-E06F-4539-9773-30478521CC13}.Release|Any CPU.ActiveCfg = Release|Any CPU
		{3A46AC17-E06F-4539-9773-30478521CC13}.Release|Any CPU.Build.0 = Release|Any CPU
		{3A46AC17-E06F-4539-9773-30478521CC13}.Release|ARM.ActiveCfg = Release|Any CPU
		{3A46AC17-E06F-4539-9773-30478521CC13}.Release|ARM.Build.0 = Release|Any CPU
		{3A46AC17-E06F-4539-9773-30478521CC13}.Release|x64.ActiveCfg = Release|Any CPU
		{3A46AC17-E06F-4539-9773-30478521CC13}.Release|x64.Build.0 = Release|Any CPU
		{3A46AC17-E06F-4539-9773-30478521CC13}.Release|x86.ActiveCfg = Release|Any CPU
		{3A46AC17-E06F-4539-9773-30478521CC13}.Release|x86.Build.0 = Release|Any CPU
		{FC140439-6A08-4FBD-9E87-7F3568E2B698}.Debug|Any CPU.ActiveCfg = Debug|Any CPU
		{FC140439-6A08-4FBD-9E87-7F3568E2B698}.Debug|Any CPU.Build.0 = Debug|Any CPU
		{FC140439-6A08-4FBD-9E87-7F3568E2B698}.Debug|ARM.ActiveCfg = Debug|Any CPU
		{FC140439-6A08-4FBD-9E87-7F3568E2B698}.Debug|ARM.Build.0 = Debug|Any CPU
		{FC140439-6A08-4FBD-9E87-7F3568E2B698}.Debug|x64.ActiveCfg = Debug|Any CPU
		{FC140439-6A08-4FBD-9E87-7F3568E2B698}.Debug|x64.Build.0 = Debug|Any CPU
		{FC140439-6A08-4FBD-9E87-7F3568E2B698}.Debug|x86.ActiveCfg = Debug|Any CPU
		{FC140439-6A08-4FBD-9E87-7F3568E2B698}.Debug|x86.Build.0 = Debug|Any CPU
		{FC140439-6A08-4FBD-9E87-7F3568E2B698}.Release|Any CPU.ActiveCfg = Release|Any CPU
		{FC140439-6A08-4FBD-9E87-7F3568E2B698}.Release|Any CPU.Build.0 = Release|Any CPU
		{FC140439-6A08-4FBD-9E87-7F3568E2B698}.Release|ARM.ActiveCfg = Release|Any CPU
		{FC140439-6A08-4FBD-9E87-7F3568E2B698}.Release|ARM.Build.0 = Release|Any CPU
		{FC140439-6A08-4FBD-9E87-7F3568E2B698}.Release|x64.ActiveCfg = Release|Any CPU
		{FC140439-6A08-4FBD-9E87-7F3568E2B698}.Release|x64.Build.0 = Release|Any CPU
		{FC140439-6A08-4FBD-9E87-7F3568E2B698}.Release|x86.ActiveCfg = Release|Any CPU
		{FC140439-6A08-4FBD-9E87-7F3568E2B698}.Release|x86.Build.0 = Release|Any CPU
		{A0611DE6-026F-4C27-9BBC-D186AF4D7CCB}.Debug|Any CPU.ActiveCfg = Debug|Any CPU
		{A0611DE6-026F-4C27-9BBC-D186AF4D7CCB}.Debug|Any CPU.Build.0 = Debug|Any CPU
		{A0611DE6-026F-4C27-9BBC-D186AF4D7CCB}.Debug|ARM.ActiveCfg = Debug|Any CPU
		{A0611DE6-026F-4C27-9BBC-D186AF4D7CCB}.Debug|ARM.Build.0 = Debug|Any CPU
		{A0611DE6-026F-4C27-9BBC-D186AF4D7CCB}.Debug|x64.ActiveCfg = Debug|Any CPU
		{A0611DE6-026F-4C27-9BBC-D186AF4D7CCB}.Debug|x64.Build.0 = Debug|Any CPU
		{A0611DE6-026F-4C27-9BBC-D186AF4D7CCB}.Debug|x86.ActiveCfg = Debug|Any CPU
		{A0611DE6-026F-4C27-9BBC-D186AF4D7CCB}.Debug|x86.Build.0 = Debug|Any CPU
		{A0611DE6-026F-4C27-9BBC-D186AF4D7CCB}.Release|Any CPU.ActiveCfg = Release|Any CPU
		{A0611DE6-026F-4C27-9BBC-D186AF4D7CCB}.Release|Any CPU.Build.0 = Release|Any CPU
		{A0611DE6-026F-4C27-9BBC-D186AF4D7CCB}.Release|ARM.ActiveCfg = Release|Any CPU
		{A0611DE6-026F-4C27-9BBC-D186AF4D7CCB}.Release|ARM.Build.0 = Release|Any CPU
		{A0611DE6-026F-4C27-9BBC-D186AF4D7CCB}.Release|x64.ActiveCfg = Release|Any CPU
		{A0611DE6-026F-4C27-9BBC-D186AF4D7CCB}.Release|x64.Build.0 = Release|Any CPU
		{A0611DE6-026F-4C27-9BBC-D186AF4D7CCB}.Release|x86.ActiveCfg = Release|Any CPU
		{A0611DE6-026F-4C27-9BBC-D186AF4D7CCB}.Release|x86.Build.0 = Release|Any CPU
		{AE3B5D5E-F1FE-44F1-AFEC-9916B240D0F7}.Debug|Any CPU.ActiveCfg = Debug|Any CPU
		{AE3B5D5E-F1FE-44F1-AFEC-9916B240D0F7}.Debug|Any CPU.Build.0 = Debug|Any CPU
		{AE3B5D5E-F1FE-44F1-AFEC-9916B240D0F7}.Debug|ARM.ActiveCfg = Debug|Any CPU
		{AE3B5D5E-F1FE-44F1-AFEC-9916B240D0F7}.Debug|ARM.Build.0 = Debug|Any CPU
		{AE3B5D5E-F1FE-44F1-AFEC-9916B240D0F7}.Debug|x64.ActiveCfg = Debug|Any CPU
		{AE3B5D5E-F1FE-44F1-AFEC-9916B240D0F7}.Debug|x64.Build.0 = Debug|Any CPU
		{AE3B5D5E-F1FE-44F1-AFEC-9916B240D0F7}.Debug|x86.ActiveCfg = Debug|Any CPU
		{AE3B5D5E-F1FE-44F1-AFEC-9916B240D0F7}.Debug|x86.Build.0 = Debug|Any CPU
		{AE3B5D5E-F1FE-44F1-AFEC-9916B240D0F7}.Release|Any CPU.ActiveCfg = Release|Any CPU
		{AE3B5D5E-F1FE-44F1-AFEC-9916B240D0F7}.Release|Any CPU.Build.0 = Release|Any CPU
		{AE3B5D5E-F1FE-44F1-AFEC-9916B240D0F7}.Release|ARM.ActiveCfg = Release|Any CPU
		{AE3B5D5E-F1FE-44F1-AFEC-9916B240D0F7}.Release|ARM.Build.0 = Release|Any CPU
		{AE3B5D5E-F1FE-44F1-AFEC-9916B240D0F7}.Release|x64.ActiveCfg = Release|Any CPU
		{AE3B5D5E-F1FE-44F1-AFEC-9916B240D0F7}.Release|x64.Build.0 = Release|Any CPU
		{AE3B5D5E-F1FE-44F1-AFEC-9916B240D0F7}.Release|x86.ActiveCfg = Release|Any CPU
		{AE3B5D5E-F1FE-44F1-AFEC-9916B240D0F7}.Release|x86.Build.0 = Release|Any CPU
		{4F1DD903-A67A-4BD4-BD36-4B968464E831}.Debug|Any CPU.ActiveCfg = Debug|Any CPU
		{4F1DD903-A67A-4BD4-BD36-4B968464E831}.Debug|Any CPU.Build.0 = Debug|Any CPU
		{4F1DD903-A67A-4BD4-BD36-4B968464E831}.Debug|ARM.ActiveCfg = Debug|Any CPU
		{4F1DD903-A67A-4BD4-BD36-4B968464E831}.Debug|ARM.Build.0 = Debug|Any CPU
		{4F1DD903-A67A-4BD4-BD36-4B968464E831}.Debug|x64.ActiveCfg = Debug|Any CPU
		{4F1DD903-A67A-4BD4-BD36-4B968464E831}.Debug|x64.Build.0 = Debug|Any CPU
		{4F1DD903-A67A-4BD4-BD36-4B968464E831}.Debug|x86.ActiveCfg = Debug|Any CPU
		{4F1DD903-A67A-4BD4-BD36-4B968464E831}.Debug|x86.Build.0 = Debug|Any CPU
		{4F1DD903-A67A-4BD4-BD36-4B968464E831}.Release|Any CPU.ActiveCfg = Release|Any CPU
		{4F1DD903-A67A-4BD4-BD36-4B968464E831}.Release|Any CPU.Build.0 = Release|Any CPU
		{4F1DD903-A67A-4BD4-BD36-4B968464E831}.Release|ARM.ActiveCfg = Release|Any CPU
		{4F1DD903-A67A-4BD4-BD36-4B968464E831}.Release|ARM.Build.0 = Release|Any CPU
		{4F1DD903-A67A-4BD4-BD36-4B968464E831}.Release|x64.ActiveCfg = Release|Any CPU
		{4F1DD903-A67A-4BD4-BD36-4B968464E831}.Release|x64.Build.0 = Release|Any CPU
		{4F1DD903-A67A-4BD4-BD36-4B968464E831}.Release|x86.ActiveCfg = Release|Any CPU
		{4F1DD903-A67A-4BD4-BD36-4B968464E831}.Release|x86.Build.0 = Release|Any CPU
	EndGlobalSection
	GlobalSection(SolutionProperties) = preSolution
		HideSolutionNode = FALSE
	EndGlobalSection
EndGlobal
